# This file was autogenerated by uv via the following command:
#    uv pip compile research/simulation/pymgipsim-requirements.in --python-version 3.12 --universal --output-file research/simulation/pymgipsim-requirements.lock
altair==5.5.0
    # via streamlit
attrs==26.1.0
    # via
    #   jsonschema
    #   referencing
blinker==1.9.0
    # via streamlit
bokeh==2.4.3
    # via -r research/simulation/pymgipsim-requirements.in
cachetools==5.5.2
    # via streamlit
certifi==2026.7.22
    # via requests
charset-normalizer==3.5.1
    # via requests
clarabel==0.7.1
    # via -r research/simulation/pymgipsim-requirements.in
click==8.5.0
    # via streamlit
colorama==0.4.6
    # via
    #   -r research/simulation/pymgipsim-requirements.in
    #   pytest
    #   tqdm
contourpy==1.3.3
    # via matplotlib
coverage==7.16.2
    # via pytest-cov
cycler==0.12.1
    # via matplotlib
et-xmlfile==2.0.0
    # via openpyxl
fonttools==4.66.1
    # via matplotlib
gitdb==4.0.12
    # via gitpython
gitpython==3.1.62
    # via streamlit
idna==3.20
    # via requests
iniconfig==2.3.0
    # via pytest
jinja2==3.1.6
    # via
    #   altair
    #   bokeh
    #   pydeck
jsonschema==4.26.0
    # via altair
jsonschema-specifications==2025.9.1
    # via jsonschema
kiwisolver==1.5.1
    # via matplotlib
llvmlite==0.42.0
    # via numba
markdown-it-py==4.2.0
    # via rich
markupsafe==3.0.3
    # via jinja2
matplotlib==3.11.2
    # via -r research/simulation/pymgipsim-requirements.in
mdurl==0.1.2
    # via markdown-it-py
narwhals==2.26.0
    # via altair
numba==0.59.0
    # via -r research/simulation/pymgipsim-requirements.in
numpy==1.26.4
    # via
    #   -r research/simulation/pymgipsim-requirements.in
    #   bokeh
    #   clarabel
    #   contourpy
    #   matplotlib
    #   numba
    #   pandas
    #   patsy
    #   py-agata
    #   pydeck
    #   qpsolvers
    #   scipy
    #   statsmodels
    #   streamlit
openpyxl==3.1.5
    # via py-agata
packaging==24.2
    # via
    #   altair
    #   bokeh
    #   matplotlib
    #   patsy
    #   pytest
    #   statsmodels
    #   streamlit
pandas==2.2.3
    # via
    #   -r research/simulation/pymgipsim-requirements.in
    #   py-agata
    #   statsmodels
    #   streamlit
patsy==1.0.3
    # via statsmodels
pillow==10.4.0
    # via
    #   bokeh
    #   matplotlib
    #   streamlit
pluggy==1.6.0
    # via
    #   pytest
    #   pytest-cov
protobuf==5.29.6
    # via streamlit
py-agata==0.0.5
    # via -r research/simulation/pymgipsim-requirements.in
pyarrow==25.0.1
    # via streamlit
pydeck==0.9.3
    # via streamlit
pygments==2.21.0
    # via
    #   pytest
    #   rich
pyparsing==3.3.3
    # via matplotlib
pytest==9.1.1
    # via
    #   py-agata
    #   pytest-cov
pytest-cov==7.1.0
    # via py-agata
python-dateutil==2.9.0.post0
    # via
    #   matplotlib
    #   pandas
pytz==2026.4
    # via pandas
pyyaml==6.0.3
    # via bokeh
qpsolvers==4.3.2
    # via -r research/simulation/pymgipsim-requirements.in
referencing==0.37.0
    # via
    #   jsonschema
    #   jsonschema-specifications
requests==2.34.2
    # via streamlit
rich==13.9.4
    # via streamlit
rpds-py==2026.6.3
    # via
    #   jsonschema
    #   referencing
scipy==1.14.1
    # via
    #   -r research/simulation/pymgipsim-requirements.in
    #   clarabel
    #   py-agata
    #   qpsolvers
    #   statsmodels
simplejson==3.19.3
    # via -r research/simulation/pymgipsim-requirements.in
six==1.17.0
    # via python-dateutil
smmap==5.0.3
    # via gitdb
statsmodels==0.14.1
    # via
    #   -r research/simulation/pymgipsim-requirements.in
    #   py-agata
streamlit==1.37.0
    # via -r research/simulation/pymgipsim-requirements.in
tabulate==0.9.0
    # via -r research/simulation/pymgipsim-requirements.in
tenacity==8.5.0
    # via streamlit
toml==0.10.2
    # via streamlit
tornado==6.5.10
    # via
    #   bokeh
    #   streamlit
tqdm==4.66.2
    # via -r research/simulation/pymgipsim-requirements.in
typing-extensions==4.16.0
    # via
    #   altair
    #   bokeh
    #   referencing
    #   streamlit
tzdata==2026.4
    # via pandas
urllib3==2.8.0
    # via requests
watchdog==4.0.2 ; sys_platform != 'darwin'
    # via streamlit
